{
  "name": "global-card-ident",
  "version": "1.0.0",
  "lockfileVersion": 2,
  "requires": true,
  "packages": {
    "": {
      "version": "1.0.0",
      "license": "MIT",
      "dependencies": {
        "global-card-ident": "^1.0.0"
      }
    },
    "node_modules/global-card-ident": {
      "version": "1.0.0",
      "resolved": "https://registry.npmjs.org/global-card-ident/-/global-card-ident-1.0.0.tgz",
      "integrity": "sha512-Yhd0V4lgTTmStlEpEaRkC48xmxU4c5Z0GZICM4OsydqMBcWgRS+OzIxe5C7coKsEWhVGTb/xifTqJqr4LkmX8Q=="
    }
  },
  "dependencies": {
    "global-card-ident": {
      "version": "1.0.0",
      "resolved": "https://registry.npmjs.org/global-card-ident/-/global-card-ident-1.0.0.tgz",
      "integrity": "sha512-Yhd0V4lgTTmStlEpEaRkC48xmxU4c5Z0GZICM4OsydqMBcWgRS+OzIxe5C7coKsEWhVGTb/xifTqJqr4LkmX8Q=="
    }
  }
}
